
Microsoft Visual Studio Solution File, Format Version 12.00
# Visual Studio 2013
VisualStudioVersion = 12.0.21005.1
MinimumVisualStudioVersion = 10.0.40219.1
Project("{FAE04EC0-301F-11D3-BF4B-00C04F79EFBC}") = "HomeWork4", "HomeWork4\HomeWork4.csproj", "{5EAAC1D9-C961-4E88-9529-5969B0E0DF52}"
EndProject
Project("{FAE04EC0-301F-11D3-BF4B-00C04F79EFBC}") = "ClassLibrary", "ClassLibrary\ClassLibrary.csproj", "{84F090FE-CC3D-4C3D-97B6-FA8EAA1E1040}"
EndProject
Global
	GlobalSection(SolutionConfigurationPlatforms) = preSolution
		Debug|Any CPU = Debug|Any CPU
		Release|Any CPU = Release|Any CPU
	EndGlobalSection
	GlobalSection(ProjectConfigurationPlatforms) = postSolution
		{5EAAC1D9-C961-4E88-9529-5969B0E0DF52}.Debug|Any CPU.ActiveCfg = Debug|Any CPU
		{5EAAC1D9-C961-4E88-9529-5969B0E0DF52}.Debug|Any CPU.Build.0 = Debug|Any CPU
		{5EAAC1D9-C961-4E88-9529-5969B0E0DF52}.Release|Any CPU.ActiveCfg = Release|Any CPU
		{5EAAC1D9-C961-4E88-9529-5969B0E0DF52}.Release|Any CPU.Build.0 = Release|Any CPU
		{84F090FE-CC3D-4C3D-97B6-FA8EAA1E1040}.Debug|Any CPU.ActiveCfg = Debug|Any CPU
		{84F090FE-CC3D-4C3D-97B6-FA8EAA1E1040}.Debug|Any CPU.Build.0 = Debug|Any CPU
		{84F090FE-CC3D-4C3D-97B6-FA8EAA1E1040}.Release|Any CPU.ActiveCfg = Release|Any CPU
		{84F090FE-CC3D-4C3D-97B6-FA8EAA1E1040}.Release|Any CPU.Build.0 = Release|Any CPU
	EndGlobalSection
	GlobalSection(SolutionProperties) = preSolution
		HideSolutionNode = FALSE
	EndGlobalSection
EndGlobal
